
Microsoft Visual Studio Solution File, Format Version 12.00
# Visual Studio 15
VisualStudioVersion = 15.0.27703.2042
MinimumVisualStudioVersion = 10.0.40219.1
Project("{FAE04EC0-301F-11D3-BF4B-00C04F79EFBC}") = "WebApplicationImageRecognition", "WebApplicationImageRecognition\WebApplicationImageRecognition.csproj", "{0B67211D-33A9-477A-B74E-3B0692F0F7B4}"
EndProject
Project("{FAE04EC0-301F-11D3-BF4B-00C04F79EFBC}") = "GetTags", "GetTags\GetTags.csproj", "{FA09027B-5F02-4DA0-9FB6-E530FC3FCD1F}"
EndProject
Project("{FAE04EC0-301F-11D3-BF4B-00C04F79EFBC}") = "TimelineObjectDetection", "TimelineObjectDetection\TimelineObjectDetection.csproj", "{7A533702-CF1F-4CF5-9CBE-374A60896AB6}"
EndProject
Global
	GlobalSection(SolutionConfigurationPlatforms) = preSolution
		Debug|Any CPU = Debug|Any CPU
		Release|Any CPU = Release|Any CPU
	EndGlobalSection
	GlobalSection(ProjectConfigurationPlatforms) = postSolution
		{0B67211D-33A9-477A-B74E-3B0692F0F7B4}.Debug|Any CPU.ActiveCfg = Debug|Any CPU
		{0B67211D-33A9-477A-B74E-3B0692F0F7B4}.Debug|Any CPU.Build.0 = Debug|Any CPU
		{0B67211D-33A9-477A-B74E-3B0692F0F7B4}.Release|Any CPU.ActiveCfg = Release|Any CPU
		{0B67211D-33A9-477A-B74E-3B0692F0F7B4}.Release|Any CPU.Build.0 = Release|Any CPU
		{FA09027B-5F02-4DA0-9FB6-E530FC3FCD1F}.Debug|Any CPU.ActiveCfg = Debug|Any CPU
		{FA09027B-5F02-4DA0-9FB6-E530FC3FCD1F}.Debug|Any CPU.Build.0 = Debug|Any CPU
		{FA09027B-5F02-4DA0-9FB6-E530FC3FCD1F}.Release|Any CPU.ActiveCfg = Release|Any CPU
		{FA09027B-5F02-4DA0-9FB6-E530FC3FCD1F}.Release|Any CPU.Build.0 = Release|Any CPU
		{7A533702-CF1F-4CF5-9CBE-374A60896AB6}.Debug|Any CPU.ActiveCfg = Debug|Any CPU
		{7A533702-CF1F-4CF5-9CBE-374A60896AB6}.Debug|Any CPU.Build.0 = Debug|Any CPU
		{7A533702-CF1F-4CF5-9CBE-374A60896AB6}.Release|Any CPU.ActiveCfg = Release|Any CPU
		{7A533702-CF1F-4CF5-9CBE-374A60896AB6}.Release|Any CPU.Build.0 = Release|Any CPU
	EndGlobalSection
	GlobalSection(SolutionProperties) = preSolution
		HideSolutionNode = FALSE
	EndGlobalSection
	GlobalSection(ExtensibilityGlobals) = postSolution
		SolutionGuid = {77585782-E3DD-4520-A01B-429A5C019BCA}
	EndGlobalSection
EndGlobal
